
Microsoft Visual Studio Solution File, Format Version 12.00
# Visual Studio 15
VisualStudioVersion = 15.0.27130.2027
MinimumVisualStudioVersion = 10.0.40219.1
Project("{FAE04EC0-301F-11D3-BF4B-00C04F79EFBC}") = "MailCheck.ConsoleApp", "MailCheck.ConsoleApp\MailCheck.ConsoleApp.csproj", "{F994DA7F-8015-43BE-B056-4F99E6A09AA7}"
EndProject
Project("{FAE04EC0-301F-11D3-BF4B-00C04F79EFBC}") = "MailCheck", "MailCheck\MailCheck.csproj", "{EB1D26A6-02FB-4C00-9031-829B896F59BC}"
EndProject
Global
	GlobalSection(SolutionConfigurationPlatforms) = preSolution
		Debug|Any CPU = Debug|Any CPU
		Release|Any CPU = Release|Any CPU
	EndGlobalSection
	GlobalSection(ProjectConfigurationPlatforms) = postSolution
		{F994DA7F-8015-43BE-B056-4F99E6A09AA7}.Debug|Any CPU.ActiveCfg = Debug|Any CPU
		{F994DA7F-8015-43BE-B056-4F99E6A09AA7}.Debug|Any CPU.Build.0 = Debug|Any CPU
		{F994DA7F-8015-43BE-B056-4F99E6A09AA7}.Release|Any CPU.ActiveCfg = Release|Any CPU
		{F994DA7F-8015-43BE-B056-4F99E6A09AA7}.Release|Any CPU.Build.0 = Release|Any CPU
		{EB1D26A6-02FB-4C00-9031-829B896F59BC}.Debug|Any CPU.ActiveCfg = Debug|Any CPU
		{EB1D26A6-02FB-4C00-9031-829B896F59BC}.Debug|Any CPU.Build.0 = Debug|Any CPU
		{EB1D26A6-02FB-4C00-9031-829B896F59BC}.Release|Any CPU.ActiveCfg = Release|Any CPU
		{EB1D26A6-02FB-4C00-9031-829B896F59BC}.Release|Any CPU.Build.0 = Release|Any CPU
	EndGlobalSection
	GlobalSection(SolutionProperties) = preSolution
		HideSolutionNode = FALSE
	EndGlobalSection
	GlobalSection(ExtensibilityGlobals) = postSolution
		SolutionGuid = {2B1AC8CF-94CF-4C6C-97A9-46DEB1B85D67}
	EndGlobalSection
	GlobalSection(MonoDevelopProperties) = preSolution
		description = A simple Entry custom renderer for Xamarin Forms that  suggests popular email addresses.
		version = 1.0
	EndGlobalSection
EndGlobal
